// !$*UTF8*$!
{
	archiveVersion = 1;
	classes = {
	};
	objectVersion = 56;
	objects = {

/* Begin PBXBuildFile section */
		7A962DB22B6CF7AC0046EDCD /* CHistoryApp.swift in Sources */ = {isa = PBXBuildFile; fileRef = 7A962DB12B6CF7AC0046EDCD /* CHistoryApp.swift */; };
		7A962DB42B6CF7AC0046EDCD /* ContentView.swift in Sources */ = {isa = PBXBuildFile; fileRef = 7A962DB32B6CF7AC0046EDCD /* ContentView.swift */; };
		7A962DB62B6CF7AF0046EDCD /* Assets.xcassets in Resources */ = {isa = PBXBuildFile; fileRef = 7A962DB52B6CF7AF0046EDCD /* Assets.xcassets */; };
		7A962DBA2B6CF7AF0046EDCD /* Preview Assets.xcassets in Resources */ = {isa = PBXBuildFile; fileRef = 7A962DB92B6CF7AF0046EDCD /* Preview Assets.xcassets */; };
		7A962DC42B6CF7AF0046EDCD /* CHistoryTests.swift in Sources */ = {isa = PBXBuildFile; fileRef = 7A962DC32B6CF7AF0046EDCD /* CHistoryTests.swift */; };
		7A962DCE2B6CF7AF0046EDCD /* CHistoryUITests.swift in Sources */ = {isa = PBXBuildFile; fileRef = 7A962DCD2B6CF7AF0046EDCD /* CHistoryUITests.swift */; };
		7A962DD02B6CF7AF0046EDCD /* CHistoryUITestsLaunchTests.swift in Sources */ = {isa = PBXBuildFile; fileRef = 7A962DCF2B6CF7AF0046EDCD /* CHistoryUITestsLaunchTests.swift */; };
/* End PBXBuildFile section */

/* Begin PBXContainerItemProxy section */
		7A962DC02B6CF7AF0046EDCD /* PBXContainerItemProxy */ = {
			isa = PBXContainerItemProxy;
			containerPortal = 7A962DA62B6CF7AC0046EDCD /* Project object */;
			proxyType = 1;
			remoteGlobalIDString = 7A962DAD2B6CF7AC0046EDCD;
			remoteInfo = CHistory;
		};
		7A962DCA2B6CF7AF0046EDCD /* PBXContainerItemProxy */ = {
			isa = PBXContainerItemProxy;
			containerPortal = 7A962DA62B6CF7AC0046EDCD /* Project object */;
			proxyType = 1;
			remoteGlobalIDString = 7A962DAD2B6CF7AC0046EDCD;
			remoteInfo = CHistory;
		};
/* End PBXContainerItemProxy section */

/* Begin PBXFileReference section */
		7A962DAE2B6CF7AC0046EDCD /* CHistory.app */ = {isa = PBXFileReference; explicitFileType = wrapper.application; includeInIndex = 0; path = CHistory.app; sourceTree = BUILT_PRODUCTS_DIR; };
		7A962DB12B6CF7AC0046EDCD /* CHistoryApp.swift */ = {isa = PBXFileReference; lastKnownFileType = sourcecode.swift; path = CHistoryApp.swift; sourceTree = "<group>"; };
		7A962DB32B6CF7AC0046EDCD /* ContentView.swift */ = {isa = PBXFileReference; lastKnownFileType = sourcecode.swift; path = ContentView.swift; sourceTree = "<group>"; };
		7A962DB52B6CF7AF0046EDCD /* Assets.xcassets */ = {isa = PBXFileReference; lastKnownFileType = folder.assetcatalog; path = Assets.xcassets; sourceTree = "<group>"; };
		7A962DB72B6CF7AF0046EDCD /* CHistory.entitlements */ = {isa = PBXFileReference; lastKnownFileType = text.plist.entitlements; path = CHistory.entitlements; sourceTree = "<group>"; };
		7A962DB92B6CF7AF0046EDCD /* Preview Assets.xcassets */ = {isa = PBXFileReference; lastKnownFileType = folder.assetcatalog; path = "Preview Assets.xcassets"; sourceTree = "<group>"; };
		7A962DBF2B6CF7AF0046EDCD /* CHistoryTests.xctest */ = {isa = PBXFileReference; explicitFileType = wrapper.cfbundle; includeInIndex = 0; path = CHistoryTests.xctest; sourceTree = BUILT_PRODUCTS_DIR; };
		7A962DC32B6CF7AF0046EDCD /* CHistoryTests.swift */ = {isa = PBXFileReference; lastKnownFileType = sourcecode.swift; path = CHistoryTests.swift; sourceTree = "<group>"; };
		7A962DC92B6CF7AF0046EDCD /* CHistoryUITests.xctest */ = {isa = PBXFileReference; explicitFileType = wrapper.cfbundle; includeInIndex = 0; path = CHistoryUITests.xctest; sourceTree = BUILT_PRODUCTS_DIR; };
		7A962DCD2B6CF7AF0046EDCD /* CHistoryUITests.swift */ = {isa = PBXFileReference; lastKnownFileType = sourcecode.swift; path = CHistoryUITests.swift; sourceTree = "<group>"; };
		7A962DCF2B6CF7AF0046EDCD /* CHistoryUITestsLaunchTests.swift */ = {isa = PBXFileReference; lastKnownFileType = sourcecode.swift; path = CHistoryUITestsLaunchTests.swift; sourceTree = "<group>"; };
/* End PBXFileReference section */

/* Begin PBXFrameworksBuildPhase section */
		7A962DAB2B6CF7AC0046EDCD /* Frameworks */ = {
			isa = PBXFrameworksBuildPhase;
			buildActionMask = 2147483647;
			files = (
			);
			runOnlyForDeploymentPostprocessing = 0;
		};
		7A962DBC2B6CF7AF0046EDCD /* Frameworks */ = {
			isa = PBXFrameworksBuildPhase;
			buildActionMask = 2147483647;
			files = (
			);
			runOnlyForDeploymentPostprocessing = 0;
		};
		7A962DC62B6CF7AF0046EDCD /* Frameworks */ = {
			isa = PBXFrameworksBuildPhase;
			buildActionMask = 2147483647;
			files = (
			);
			runOnlyForDeploymentPostprocessing = 0;
		};
/* End PBXFrameworksBuildPhase section */

/* Begin PBXGroup section */
		7A962DA52B6CF7AC0046EDCD = {
			isa = PBXGroup;
			children = (
				7A962DB02B6CF7AC0046EDCD /* CHistory */,
				7A962DC22B6CF7AF0046EDCD /* CHistoryTests */,
				7A962DCC2B6CF7AF0046EDCD /* CHistoryUITests */,
				7A962DAF2B6CF7AC0046EDCD /* Products */,
			);
			sourceTree = "<group>";
		};
		7A962DAF2B6CF7AC0046EDCD /* Products */ = {
			isa = PBXGroup;
			children = (
				7A962DAE2B6CF7AC0046EDCD /* CHistory.app */,
				7A962DBF2B6CF7AF0046EDCD /* CHistoryTests.xctest */,
				7A962DC92B6CF7AF0046EDCD /* CHistoryUITests.xctest */,
			);
			name = Products;
			sourceTree = "<group>";
		};
		7A962DB02B6CF7AC0046EDCD /* CHistory */ = {
			isa = PBXGroup;
			children = (
				7A962DB12B6CF7AC0046EDCD /* CHistoryApp.swift */,
				7A962DB32B6CF7AC0046EDCD /* ContentView.swift */,
				7A962DB52B6CF7AF0046EDCD /* Assets.xcassets */,
				7A962DB72B6CF7AF0046EDCD /* CHistory.entitlements */,
				7A962DB82B6CF7AF0046EDCD /* Preview Content */,
			);
			path = CHistory;
			sourceTree = "<group>";
		};
		7A962DB82B6CF7AF0046EDCD /* Preview Content */ = {
			isa = PBXGroup;
			children = (
				7A962DB92B6CF7AF0046EDCD /* Preview Assets.xcassets */,
			);
			path = "Preview Content";
			sourceTree = "<group>";
		};
		7A962DC22B6CF7AF0046EDCD /* CHistoryTests */ = {
			isa = PBXGroup;
			children = (
				7A962DC32B6CF7AF0046EDCD /* CHistoryTests.swift */,
			);
			path = CHistoryTests;
			sourceTree = "<group>";
		};
		7A962DCC2B6CF7AF0046EDCD /* CHistoryUITests */ = {
			isa = PBXGroup;
			children = (
				7A962DCD2B6CF7AF0046EDCD /* CHistoryUITests.swift */,
				7A962DCF2B6CF7AF0046EDCD /* CHistoryUITestsLaunchTests.swift */,
			);
			path = CHistoryUITests;
			sourceTree = "<group>";
		};
/* End PBXGroup section */

/* Begin PBXNativeTarget section */
		7A962DAD2B6CF7AC0046EDCD /* CHistory */ = {
			isa = PBXNativeTarget;
			buildConfigurationList = 7A962DD32B6CF7AF0046EDCD /* Build configuration list for PBXNativeTarget "CHistory" */;
			buildPhases = (
				7A962DAA2B6CF7AC0046EDCD /* Sources */,
				7A962DAB2B6CF7AC0046EDCD /* Frameworks */,
				7A962DAC2B6CF7AC0046EDCD /* Resources */,
			);
			buildRules = (
			);
			dependencies = (
			);
			name = CHistory;
			productName = CHistory;
			productReference = 7A962DAE2B6CF7AC0046EDCD /* CHistory.app */;
			productType = "com.apple.product-type.application";
		};
		7A962DBE2B6CF7AF0046EDCD /* CHistoryTests */ = {
			isa = PBXNativeTarget;
			buildConfigurationList = 7A962DD62B6CF7AF0046EDCD /* Build configuration list for PBXNativeTarget "CHistoryTests" */;
			buildPhases = (
				7A962DBB2B6CF7AF0046EDCD /* Sources */,
				7A962DBC2B6CF7AF0046EDCD /* Frameworks */,
				7A962DBD2B6CF7AF0046EDCD /* Resources */,
			);
			buildRules = (
			);
			dependencies = (
				7A962DC12B6CF7AF0046EDCD /* PBXTargetDependency */,
			);
			name = CHistoryTests;
			productName = CHistoryTests;
			productReference = 7A962DBF2B6CF7AF0046EDCD /* CHistoryTests.xctest */;
			productType = "com.apple.product-type.bundle.unit-test";
		};
		7A962DC82B6CF7AF0046EDCD /* CHistoryUITests */ = {
			isa = PBXNativeTarget;
			buildConfigurationList = 7A962DD92B6CF7AF0046EDCD /* Build configuration list for PBXNativeTarget "CHistoryUITests" */;
			buildPhases = (
				7A962DC52B6CF7AF0046EDCD /* Sources */,
				7A962DC62B6CF7AF0046EDCD /* Frameworks */,
				7A962DC72B6CF7AF0046EDCD /* Resources */,
			);
			buildRules = (
			);
			dependencies = (
				7A962DCB2B6CF7AF0046EDCD /* PBXTargetDependency */,
			);
			name = CHistoryUITests;
			productName = CHistoryUITests;
			productReference = 7A962DC92B6CF7AF0046EDCD /* CHistoryUITests.xctest */;
			productType = "com.apple.product-type.bundle.ui-testing";
		};
/* End PBXNativeTarget section */

/* Begin PBXProject section */
		7A962DA62B6CF7AC0046EDCD /* Project object */ = {
			isa = PBXProject;
			attributes = {
				BuildIndependentTargetsInParallel = 1;
				LastSwiftUpdateCheck = 1520;
				LastUpgradeCheck = 1520;
				TargetAttributes = {
					7A962DAD2B6CF7AC0046EDCD = {
						CreatedOnToolsVersion = 15.2;
					};
					7A962DBE2B6CF7AF0046EDCD = {
						CreatedOnToolsVersion = 15.2;
						TestTargetID = 7A962DAD2B6CF7AC0046EDCD;
					};
					7A962DC82B6CF7AF0046EDCD = {
						CreatedOnToolsVersion = 15.2;
						TestTargetID = 7A962DAD2B6CF7AC0046EDCD;
					};
				};
			};
			buildConfigurationList = 7A962DA92B6CF7AC0046EDCD /* Build configuration list for PBXProject "CHistory" */;
			compatibilityVersion = "Xcode 14.0";
			developmentRegion = en;
			hasScannedForEncodings = 0;
			knownRegions = (
				en,
				Base,
			);
			mainGroup = 7A962DA52B6CF7AC0046EDCD;
			productRefGroup = 7A962DAF2B6CF7AC0046EDCD /* Products */;
			projectDirPath = "";
			projectRoot = "";
			targets = (
				7A962DAD2B6CF7AC0046EDCD /* CHistory */,
				7A962DBE2B6CF7AF0046EDCD /* CHistoryTests */,
				7A962DC82B6CF7AF0046EDCD /* CHistoryUITests */,
			);
		};
/* End PBXProject section */

/* Begin PBXResourcesBuildPhase section */
		7A962DAC2B6CF7AC0046EDCD /* Resources */ = {
			isa = PBXResourcesBuildPhase;
			buildActionMask = 2147483647;
			files = (
				7A962DBA2B6CF7AF0046EDCD /* Preview Assets.xcassets in Resources */,
				7A962DB62B6CF7AF0046EDCD /* Assets.xcassets in Resources */,
			);
			runOnlyForDeploymentPostprocessing = 0;
		};
		7A962DBD2B6CF7AF0046EDCD /* Resources */ = {
			isa = PBXResourcesBuildPhase;
			buildActionMask = 2147483647;
			files = (
			);
			runOnlyForDeploymentPostprocessing = 0;
		};
		7A962DC72B6CF7AF0046EDCD /* Resources */ = {
			isa = PBXResourcesBuildPhase;
			buildActionMask = 2147483647;
			files = (
			);
			runOnlyForDeploymentPostprocessing = 0;
		};
/* End PBXResourcesBuildPhase section */

/* Begin PBXSourcesBuildPhase section */
		7A962DAA2B6CF7AC0046EDCD /* Sources */ = {
			isa = PBXSourcesBuildPhase;
			buildActionMask = 2147483647;
			files = (
				7A962DB42B6CF7AC0046EDCD /* ContentView.swift in Sources */,
				7A962DB22B6CF7AC0046EDCD /* CHistoryApp.swift in Sources */,
			);
			runOnlyForDeploymentPostprocessing = 0;
		};
		7A962DBB2B6CF7AF0046EDCD /* Sources */ = {
			isa = PBXSourcesBuildPhase;
			buildActionMask = 2147483647;
			files = (
				7A962DC42B6CF7AF0046EDCD /* CHistoryTests.swift in Sources */,
			);
			runOnlyForDeploymentPostprocessing = 0;
		};
		7A962DC52B6CF7AF0046EDCD /* Sources */ = {
			isa = PBXSourcesBuildPhase;
			buildActionMask = 2147483647;
			files = (
				7A962DD02B6CF7AF0046EDCD /* CHistoryUITestsLaunchTests.swift in Sources */,
				7A962DCE2B6CF7AF0046EDCD /* CHistoryUITests.swift in Sources */,
			);
			runOnlyForDeploymentPostprocessing = 0;
		};
/* End PBXSourcesBuildPhase section */

/* Begin PBXTargetDependency section */
		7A962DC12B6CF7AF0046EDCD /* PBXTargetDependency */ = {
			isa = PBXTargetDependency;
			target = 7A962DAD2B6CF7AC0046EDCD /* CHistory */;
			targetProxy = 7A962DC02B6CF7AF0046EDCD /* PBXContainerItemProxy */;
		};
		7A962DCB2B6CF7AF0046EDCD /* PBXTargetDependency */ = {
			isa = PBXTargetDependency;
			target = 7A962DAD2B6CF7AC0046EDCD /* CHistory */;
			targetProxy = 7A962DCA2B6CF7AF0046EDCD /* PBXContainerItemProxy */;
		};
/* End PBXTargetDependency section */

/* Begin XCBuildConfiguration section */
		7A962DD12B6CF7AF0046EDCD /* Debug */ = {
			isa = XCBuildConfiguration;
			buildSettings = {
				ALWAYS_SEARCH_USER_PATHS = NO;
				ASSETCATALOG_COMPILER_GENERATE_SWIFT_ASSET_SYMBOL_EXTENSIONS = YES;
				CLANG_ANALYZER_NONNULL = YES;
				CLANG_ANALYZER_NUMBER_OBJECT_CONVERSION = YES_AGGRESSIVE;
				CLANG_CXX_LANGUAGE_STANDARD = "gnu++20";
				CLANG_ENABLE_MODULES = YES;
				CLANG_ENABLE_OBJC_ARC = YES;
				CLANG_ENABLE_OBJC_WEAK = YES;
				CLANG_WARN_BLOCK_CAPTURE_AUTORELEASING = YES;
				CLANG_WARN_BOOL_CONVERSION = YES;
				CLANG_WARN_COMMA = YES;
				CLANG_WARN_CONSTANT_CONVERSION = YES;
				CLANG_WARN_DEPRECATED_OBJC_IMPLEMENTATIONS = YES;
				CLANG_WARN_DIRECT_OBJC_ISA_USAGE = YES_ERROR;
				CLANG_WARN_DOCUMENTATION_COMMENTS = YES;
				CLANG_WARN_EMPTY_BODY = YES;
				CLANG_WARN_ENUM_CONVERSION = YES;
				CLANG_WARN_INFINITE_RECURSION = YES;
				CLANG_WARN_INT_CONVERSION = YES;
				CLANG_WARN_NON_LITERAL_NULL_CONVERSION = YES;
				CLANG_WARN_OBJC_IMPLICIT_RETAIN_SELF = YES;
				CLANG_WARN_OBJC_LITERAL_CONVERSION = YES;
				CLANG_WARN_OBJC_ROOT_CLASS = YES_ERROR;
				CLANG_WARN_QUOTED_INCLUDE_IN_FRAMEWORK_HEADER = YES;
				CLANG_WARN_RANGE_LOOP_ANALYSIS = YES;
				CLANG_WARN_STRICT_PROTOTYPES = YES;
				CLANG_WARN_SUSPICIOUS_MOVE = YES;
				CLANG_WARN_UNGUARDED_AVAILABILITY = YES_AGGRESSIVE;
				CLANG_WARN_UNREACHABLE_CODE = YES;
				CLANG_WARN__DUPLICATE_METHOD_MATCH = YES;
				COPY_PHASE_STRIP = NO;
				DEBUG_INFORMATION_FORMAT = dwarf;
				ENABLE_STRICT_OBJC_MSGSEND = YES;
				ENABLE_TESTABILITY = YES;
				ENABLE_USER_SCRIPT_SANDBOXING = YES;
				GCC_C_LANGUAGE_STANDARD = gnu17;
				GCC_DYNAMIC_NO_PIC = NO;
				GCC_NO_COMMON_BLOCKS = YES;
				GCC_OPTIMIZATION_LEVEL = 0;
				GCC_PREPROCESSOR_DEFINITIONS = (
					"DEBUG=1",
					"$(inherited)",
				);
				GCC_WARN_64_TO_32_BIT_CONVERSION = YES;
				GCC_WARN_ABOUT_RETURN_TYPE = YES_ERROR;
				GCC_WARN_UNDECLARED_SELECTOR = YES;
				GCC_WARN_UNINITIALIZED_AUTOS = YES_AGGRESSIVE;
				GCC_WARN_UNUSED_FUNCTION = YES;
				GCC_WARN_UNUSED_VARIABLE = YES;
				LOCALIZATION_PREFERS_STRING_CATALOGS = YES;
				MTL_ENABLE_DEBUG_INFO = INCLUDE_SOURCE;
				MTL_FAST_MATH = YES;
				ONLY_ACTIVE_ARCH = YES;
				SWIFT_ACTIVE_COMPILATION_CONDITIONS = "DEBUG $(inherited)";
				SWIFT_OPTIMIZATION_LEVEL = "-Onone";
			};
			name = Debug;
		};
		7A962DD22B6CF7AF0046EDCD /* Release */ = {
			isa = XCBuildConfiguration;
			buildSettings = {
				ALWAYS_SEARCH_USER_PATHS = NO;
				ASSETCATALOG_COMPILER_GENERATE_SWIFT_ASSET_SYMBOL_EXTENSIONS = YES;
				CLANG_ANALYZER_NONNULL = YES;
				CLANG_ANALYZER_NUMBER_OBJECT_CONVERSION = YES_AGGRESSIVE;
				CLANG_CXX_LANGUAGE_STANDARD = "gnu++20";
				CLANG_ENABLE_MODULES = YES;
				CLANG_ENABLE_OBJC_ARC = YES;
				CLANG_ENABLE_OBJC_WEAK = YES;
				CLANG_WARN_BLOCK_CAPTURE_AUTORELEASING = YES;
				CLANG_WARN_BOOL_CONVERSION = YES;
				CLANG_WARN_COMMA = YES;
				CLANG_WARN_CONSTANT_CONVERSION = YES;
				CLANG_WARN_DEPRECATED_OBJC_IMPLEMENTATIONS = YES;
				CLANG_WARN_DIRECT_OBJC_ISA_USAGE = YES_ERROR;
				CLANG_WARN_DOCUMENTATION_COMMENTS = YES;
				CLANG_WARN_EMPTY_BODY = YES;
				CLANG_WARN_ENUM_CONVERSION = YES;
				CLANG_WARN_INFINITE_RECURSION = YES;
				CLANG_WARN_INT_CONVERSION = YES;
				CLANG_WARN_NON_LITERAL_NULL_CONVERSION = YES;
				CLANG_WARN_OBJC_IMPLICIT_RETAIN_SELF = YES;
				CLANG_WARN_OBJC_LITERAL_CONVERSION = YES;
				CLANG_WARN_OBJC_ROOT_CLASS = YES_ERROR;
				CLANG_WARN_QUOTED_INCLUDE_IN_FRAMEWORK_HEADER = YES;
				CLANG_WARN_RANGE_LOOP_ANALYSIS = YES;
				CLANG_WARN_STRICT_PROTOTYPES = YES;
				CLANG_WARN_SUSPICIOUS_MOVE = YES;
				CLANG_WARN_UNGUARDED_AVAILABILITY = YES_AGGRESSIVE;
				CLANG_WARN_UNREACHABLE_CODE = YES;
				CLANG_WARN__DUPLICATE_METHOD_MATCH = YES;
				COPY_PHASE_STRIP = NO;
				DEBUG_INFORMATION_FORMAT = "dwarf-with-dsym";
				ENABLE_NS_ASSERTIONS = NO;
				ENABLE_STRICT_OBJC_MSGSEND = YES;
				ENABLE_USER_SCRIPT_SANDBOXING = YES;
				GCC_C_LANGUAGE_STANDARD = gnu17;
				GCC_NO_COMMON_BLOCKS = YES;
				GCC_WARN_64_TO_32_BIT_CONVERSION = YES;
				GCC_WARN_ABOUT_RETURN_TYPE = YES_ERROR;
				GCC_WARN_UNDECLARED_SELECTOR = YES;
				GCC_WARN_UNINITIALIZED_AUTOS = YES_AGGRESSIVE;
				GCC_WARN_UNUSED_FUNCTION = YES;
				GCC_WARN_UNUSED_VARIABLE = YES;
				LOCALIZATION_PREFERS_STRING_CATALOGS = YES;
				MTL_ENABLE_DEBUG_INFO = NO;
				MTL_FAST_MATH = YES;
				SWIFT_COMPILATION_MODE = wholemodule;
			};
			name = Release;
		};
		7A962DD42B6CF7AF0046EDCD /* Debug */ = {
			isa = XCBuildConfiguration;
			buildSettings = {
				ASSETCATALOG_COMPILER_APPICON_NAME = AppIcon;
				ASSETCATALOG_COMPILER_GLOBAL_ACCENT_COLOR_NAME = AccentColor;
				CODE_SIGN_ENTITLEMENTS = CHistory/CHistory.entitlements;
				CODE_SIGN_STYLE = Automatic;
				CURRENT_PROJECT_VERSION = 1;
				DEVELOPMENT_ASSET_PATHS = "\"CHistory/Preview Content\"";
				DEVELOPMENT_TEAM = SNSL9LBN8U;
				ENABLE_HARDENED_RUNTIME = YES;
				ENABLE_PREVIEWS = YES;
				GENERATE_INFOPLIST_FILE = YES;
				INFOPLIST_KEY_LSUIElement = YES;
				"INFOPLIST_KEY_UIApplicationSceneManifest_Generation[sdk=iphoneos*]" = YES;
				"INFOPLIST_KEY_UIApplicationSceneManifest_Generation[sdk=iphonesimulator*]" = YES;
				"INFOPLIST_KEY_UIApplicationSupportsIndirectInputEvents[sdk=iphoneos*]" = YES;
				"INFOPLIST_KEY_UIApplicationSupportsIndirectInputEvents[sdk=iphonesimulator*]" = YES;
				"INFOPLIST_KEY_UILaunchScreen_Generation[sdk=iphoneos*]" = YES;
				"INFOPLIST_KEY_UILaunchScreen_Generation[sdk=iphonesimulator*]" = YES;
				"INFOPLIST_KEY_UIStatusBarStyle[sdk=iphoneos*]" = UIStatusBarStyleDefault;
				"INFOPLIST_KEY_UIStatusBarStyle[sdk=iphonesimulator*]" = UIStatusBarStyleDefault;
				INFOPLIST_KEY_UISupportedInterfaceOrientations_iPad = "UIInterfaceOrientationPortrait UIInterfaceOrientationPortraitUpsideDown UIInterfaceOrientationLandscapeLeft UIInterfaceOrientationLandscapeRight";
				INFOPLIST_KEY_UISupportedInterfaceOrientations_iPhone = "UIInterfaceOrientationPortrait UIInterfaceOrientationLandscapeLeft UIInterfaceOrientationLandscapeRight";
				IPHONEOS_DEPLOYMENT_TARGET = 17.2;
				LD_RUNPATH_SEARCH_PATHS = "@executable_path/Frameworks";
				"LD_RUNPATH_SEARCH_PATHS[sdk=macosx*]" = "@executable_path/../Frameworks";
				MACOSX_DEPLOYMENT_TARGET = 14.2;
				MARKETING_VERSION = 1.0;
				PRODUCT_BUNDLE_IDENTIFIER = com.suyash.CHistory;
				PRODUCT_NAME = "$(TARGET_NAME)";
				SDKROOT = auto;
				SUPPORTED_PLATFORMS = "iphoneos iphonesimulator macosx";
				SWIFT_EMIT_LOC_STRINGS = YES;
				SWIFT_VERSION = 5.0;
				TARGETED_DEVICE_FAMILY = "1,2";
			};
			name = Debug;
		};
		7A962DD52B6CF7AF0046EDCD /* Release */ = {
			isa = XCBuildConfiguration;
			buildSettings = {
				ASSETCATALOG_COMPILER_APPICON_NAME = AppIcon;
				ASSETCATALOG_COMPILER_GLOBAL_ACCENT_COLOR_NAME = AccentColor;
				CODE_SIGN_ENTITLEMENTS = CHistory/CHistory.entitlements;
				CODE_SIGN_STYLE = Automatic;
				CURRENT_PROJECT_VERSION = 1;
				DEVELOPMENT_ASSET_PATHS = "\"CHistory/Preview Content\"";
				DEVELOPMENT_TEAM = SNSL9LBN8U;
				ENABLE_HARDENED_RUNTIME = YES;
				ENABLE_PREVIEWS = YES;
				GENERATE_INFOPLIST_FILE = YES;
				INFOPLIST_KEY_LSUIElement = YES;
				"INFOPLIST_KEY_UIApplicationSceneManifest_Generation[sdk=iphoneos*]" = YES;
				"INFOPLIST_KEY_UIApplicationSceneManifest_Generation[sdk=iphonesimulator*]" = YES;
				"INFOPLIST_KEY_UIApplicationSupportsIndirectInputEvents[sdk=iphoneos*]" = YES;
				"INFOPLIST_KEY_UIApplicationSupportsIndirectInputEvents[sdk=iphonesimulator*]" = YES;
				"INFOPLIST_KEY_UILaunchScreen_Generation[sdk=iphoneos*]" = YES;
				"INFOPLIST_KEY_UILaunchScreen_Generation[sdk=iphonesimulator*]" = YES;
				"INFOPLIST_KEY_UIStatusBarStyle[sdk=iphoneos*]" = UIStatusBarStyleDefault;
				"INFOPLIST_KEY_UIStatusBarStyle[sdk=iphonesimulator*]" = UIStatusBarStyleDefault;
				INFOPLIST_KEY_UISupportedInterfaceOrientations_iPad = "UIInterfaceOrientationPortrait UIInterfaceOrientationPortraitUpsideDown UIInterfaceOrientationLandscapeLeft UIInterfaceOrientationLandscapeRight";
				INFOPLIST_KEY_UISupportedInterfaceOrientations_iPhone = "UIInterfaceOrientationPortrait UIInterfaceOrientationLandscapeLeft UIInterfaceOrientationLandscapeRight";
				IPHONEOS_DEPLOYMENT_TARGET = 17.2;
				LD_RUNPATH_SEARCH_PATHS = "@executable_path/Frameworks";
				"LD_RUNPATH_SEARCH_PATHS[sdk=macosx*]" = "@executable_path/../Frameworks";
				MACOSX_DEPLOYMENT_TARGET = 14.2;
				MARKETING_VERSION = 1.0;
				PRODUCT_BUNDLE_IDENTIFIER = com.suyash.CHistory;
				PRODUCT_NAME = "$(TARGET_NAME)";
				SDKROOT = auto;
				SUPPORTED_PLATFORMS = "iphoneos iphonesimulator macosx";
				SWIFT_EMIT_LOC_STRINGS = YES;
				SWIFT_VERSION = 5.0;
				TARGETED_DEVICE_FAMILY = "1,2";
			};
			name = Release;
		};
		7A962DD72B6CF7AF0046EDCD /* Debug */ = {
			isa = XCBuildConfiguration;
			buildSettings = {
				ALWAYS_EMBED_SWIFT_STANDARD_LIBRARIES = YES;
				BUNDLE_LOADER = "$(TEST_HOST)";
				CODE_SIGN_STYLE = Automatic;
				CURRENT_PROJECT_VERSION = 1;
				DEVELOPMENT_TEAM = SNSL9LBN8U;
				GENERATE_INFOPLIST_FILE = YES;
				IPHONEOS_DEPLOYMENT_TARGET = 17.2;
				MACOSX_DEPLOYMENT_TARGET = 14.2;
				MARKETING_VERSION = 1.0;
				PRODUCT_BUNDLE_IDENTIFIER = com.suyash.CHistoryTests;
				PRODUCT_NAME = "$(TARGET_NAME)";
				SDKROOT = auto;
				SUPPORTED_PLATFORMS = "iphoneos iphonesimulator macosx";
				SWIFT_EMIT_LOC_STRINGS = NO;
				SWIFT_VERSION = 5.0;
				TARGETED_DEVICE_FAMILY = "1,2";
				TEST_HOST = "$(BUILT_PRODUCTS_DIR)/CHistory.app/$(BUNDLE_EXECUTABLE_FOLDER_PATH)/CHistory";
			};
			name = Debug;
		};
		7A962DD82B6CF7AF0046EDCD /* Release */ = {
			isa = XCBuildConfiguration;
			buildSettings = {
				ALWAYS_EMBED_SWIFT_STANDARD_LIBRARIES = YES;
				BUNDLE_LOADER = "$(TEST_HOST)";
				CODE_SIGN_STYLE = Automatic;
				CURRENT_PROJECT_VERSION = 1;
				DEVELOPMENT_TEAM = SNSL9LBN8U;
				GENERATE_INFOPLIST_FILE = YES;
				IPHONEOS_DEPLOYMENT_TARGET = 17.2;
				MACOSX_DEPLOYMENT_TARGET = 14.2;
				MARKETING_VERSION = 1.0;
				PRODUCT_BUNDLE_IDENTIFIER = com.suyash.CHistoryTests;
				PRODUCT_NAME = "$(TARGET_NAME)";
				SDKROOT = auto;
				SUPPORTED_PLATFORMS = "iphoneos iphonesimulator macosx";
				SWIFT_EMIT_LOC_STRINGS = NO;
				SWIFT_VERSION = 5.0;
				TARGETED_DEVICE_FAMILY = "1,2";
				TEST_HOST = "$(BUILT_PRODUCTS_DIR)/CHistory.app/$(BUNDLE_EXECUTABLE_FOLDER_PATH)/CHistory";
			};
			name = Release;
		};
		7A962DDA2B6CF7AF0046EDCD /* Debug */ = {
			isa = XCBuildConfiguration;
			buildSettings = {
				ALWAYS_EMBED_SWIFT_STANDARD_LIBRARIES = YES;
				CODE_SIGN_STYLE = Automatic;
				CURRENT_PROJECT_VERSION = 1;
				DEVELOPMENT_TEAM = SNSL9LBN8U;
				GENERATE_INFOPLIST_FILE = YES;
				IPHONEOS_DEPLOYMENT_TARGET = 17.2;
				MACOSX_DEPLOYMENT_TARGET = 14.2;
				MARKETING_VERSION = 1.0;
				PRODUCT_BUNDLE_IDENTIFIER = com.suyash.CHistoryUITests;
				PRODUCT_NAME = "$(TARGET_NAME)";
				SDKROOT = auto;
				SUPPORTED_PLATFORMS = "iphoneos iphonesimulator macosx";
				SWIFT_EMIT_LOC_STRINGS = NO;
				SWIFT_VERSION = 5.0;
				TARGETED_DEVICE_FAMILY = "1,2";
				TEST_TARGET_NAME = CHistory;
			};
			name = Debug;
		};
		7A962DDB2B6CF7AF0046EDCD /* Release */ = {
			isa = XCBuildConfiguration;
			buildSettings = {
				ALWAYS_EMBED_SWIFT_STANDARD_LIBRARIES = YES;
				CODE_SIGN_STYLE = Automatic;
				CURRENT_PROJECT_VERSION = 1;
				DEVELOPMENT_TEAM = SNSL9LBN8U;
				GENERATE_INFOPLIST_FILE = YES;
				IPHONEOS_DEPLOYMENT_TARGET = 17.2;
				MACOSX_DEPLOYMENT_TARGET = 14.2;
				MARKETING_VERSION = 1.0;
				PRODUCT_BUNDLE_IDENTIFIER = com.suyash.CHistoryUITests;
				PRODUCT_NAME = "$(TARGET_NAME)";
				SDKROOT = auto;
				SUPPORTED_PLATFORMS = "iphoneos iphonesimulator macosx";
				SWIFT_EMIT_LOC_STRINGS = NO;
				SWIFT_VERSION = 5.0;
				TARGETED_DEVICE_FAMILY = "1,2";
				TEST_TARGET_NAME = CHistory;
			};
			name = Release;
		};
/* End XCBuildConfiguration section */

/* Begin XCConfigurationList section */
		7A962DA92B6CF7AC0046EDCD /* Build configuration list for PBXProject "CHistory" */ = {
			isa = XCConfigurationList;
			buildConfigurations = (
				7A962DD12B6CF7AF0046EDCD /* Debug */,
				7A962DD22B6CF7AF0046EDCD /* Release */,
			);
			defaultConfigurationIsVisible = 0;
			defaultConfigurationName = Release;
		};
		7A962DD32B6CF7AF0046EDCD /* Build configuration list for PBXNativeTarget "CHistory" */ = {
			isa = XCConfigurationList;
			buildConfigurations = (
				7A962DD42B6CF7AF0046EDCD /* Debug */,
				7A962DD52B6CF7AF0046EDCD /* Release */,
			);
			defaultConfigurationIsVisible = 0;
			defaultConfigurationName = Release;
		};
		7A962DD62B6CF7AF0046EDCD /* Build configuration list for PBXNativeTarget "CHistoryTests" */ = {
			isa = XCConfigurationList;
			buildConfigurations = (
				7A962DD72B6CF7AF0046EDCD /* Debug */,
				7A962DD82B6CF7AF0046EDCD /* Release */,
			);
			defaultConfigurationIsVisible = 0;
			defaultConfigurationName = Release;
		};
		7A962DD92B6CF7AF0046EDCD /* Build configuration list for PBXNativeTarget "CHistoryUITests" */ = {
			isa = XCConfigurationList;
			buildConfigurations = (
				7A962DDA2B6CF7AF0046EDCD /* Debug */,
				7A962DDB2B6CF7AF0046EDCD /* Release */,
			);
			defaultConfigurationIsVisible = 0;
			defaultConfigurationName = Release;
		};
/* End XCConfigurationList section */
	};
	rootObject = 7A962DA62B6CF7AC0046EDCD /* Project object */;
}
